// !$*UTF8*$!
{
	archiveVersion = 1;
	classes = {
	};
	objectVersion = 46;
	objects = {

/* Begin PBXBuildFile section */
		61EC2EE81C95D3A9003FE396 /* main.cpp in Sources */ = {isa = PBXBuildFile; fileRef = 61EC2EE71C95D3A9003FE396 /* main.cpp */; };
/* End PBXBuildFile section */

/* Begin PBXCopyFilesBuildPhase section */
		61EC2EE21C95D3A9003FE396 /* CopyFiles */ = {
			isa = PBXCopyFilesBuildPhase;
			buildActionMask = 2147483647;
			dstPath = /usr/share/man/man1/;
			dstSubfolderSpec = 0;
			files = (
			);
			runOnlyForDeploymentPostprocessing = 1;
		};
/* End PBXCopyFilesBuildPhase section */

/* Begin PBXFileReference section */
		61EC2EE41C95D3A9003FE396 /* address_book */ = {isa = PBXFileReference; explicitFileType = "compiled.mach-o.executable"; includeInIndex = 0; path = address_book; sourceTree = BUILT_PRODUCTS_DIR; };
		61EC2EE71C95D3A9003FE396 /* main.cpp */ = {isa = PBXFileReference; lastKnownFileType = sourcecode.cpp.cpp; path = main.cpp; sourceTree = "<group>"; };
		61EC2EEE1C95D3C8003FE396 /* address_book.txt */ = {isa = PBXFileReference; fileEncoding = 4; lastKnownFileType = text; path = address_book.txt; sourceTree = "<group>"; };
/* End PBXFileReference section */

/* Begin PBXFrameworksBuildPhase section */
		61EC2EE11C95D3A9003FE396 /* Frameworks */ = {
			isa = PBXFrameworksBuildPhase;
			buildActionMask = 2147483647;
			files = (
			);
			runOnlyForDeploymentPostprocessing = 0;
		};
/* End PBXFrameworksBuildPhase section */

/* Begin PBXGroup section */
		61EC2EDB1C95D3A9003FE396 = {
			isa = PBXGroup;
			children = (
				61EC2EE61C95D3A9003FE396 /* address_book */,
				61EC2EE51C95D3A9003FE396 /* Products */,
			);
			sourceTree = "<group>";
		};
		61EC2EE51C95D3A9003FE396 /* Products */ = {
			isa = PBXGroup;
			children = (
				61EC2EE41C95D3A9003FE396 /* address_book */,
			);
			name = Products;
			sourceTree = "<group>";
		};
		61EC2EE61C95D3A9003FE396 /* address_book */ = {
			isa = PBXGroup;
			children = (
				61EC2EE71C95D3A9003FE396 /* main.cpp */,
				61EC2EEE1C95D3C8003FE396 /* address_book.txt */,
			);
			path = address_book;
			sourceTree = "<group>";
		};
/* End PBXGroup section */

/* Begin PBXNativeTarget section */
		61EC2EE31C95D3A9003FE396 /* address_book */ = {
			isa = PBXNativeTarget;
			buildConfigurationList = 61EC2EEB1C95D3A9003FE396 /* Build configuration list for PBXNativeTarget "address_book" */;
			buildPhases = (
				61EC2EE01C95D3A9003FE396 /* Sources */,
				61EC2EE11C95D3A9003FE396 /* Frameworks */,
				61EC2EE21C95D3A9003FE396 /* CopyFiles */,
			);
			buildRules = (
			);
			dependencies = (
			);
			name = address_book;
			productName = address_book;
			productReference = 61EC2EE41C95D3A9003FE396 /* address_book */;
			productType = "com.apple.product-type.tool";
		};
/* End PBXNativeTarget section */

/* Begin PBXProject section */
		61EC2EDC1C95D3A9003FE396 /* Project object */ = {
			isa = PBXProject;
			attributes = {
				LastUpgradeCheck = 0720;
				ORGANIZATIONNAME = "KangByung wook";
				TargetAttributes = {
					61EC2EE31C95D3A9003FE396 = {
						CreatedOnToolsVersion = 7.2.1;
					};
				};
			};
			buildConfigurationList = 61EC2EDF1C95D3A9003FE396 /* Build configuration list for PBXProject "address_book" */;
			compatibilityVersion = "Xcode 3.2";
			developmentRegion = English;
			hasScannedForEncodings = 0;
			knownRegions = (
				en,
			);
			mainGroup = 61EC2EDB1C95D3A9003FE396;
			productRefGroup = 61EC2EE51C95D3A9003FE396 /* Products */;
			projectDirPath = "";
			projectRoot = "";
			targets = (
				61EC2EE31C95D3A9003FE396 /* address_book */,
			);
		};
/* End PBXProject section */

/* Begin PBXSourcesBuildPhase section */
		61EC2EE01C95D3A9003FE396 /* Sources */ = {
			isa = PBXSourcesBuildPhase;
			buildActionMask = 2147483647;
			files = (
				61EC2EE81C95D3A9003FE396 /* main.cpp in Sources */,
			);
			runOnlyForDeploymentPostprocessing = 0;
		};
/* End PBXSourcesBuildPhase section */

/* Begin XCBuildConfiguration section */
		61EC2EE91C95D3A9003FE396 /* Debug */ = {
			isa = XCBuildConfiguration;
			buildSettings = {
				ALWAYS_SEARCH_USER_PATHS = NO;
				CLANG_CXX_LANGUAGE_STANDARD = "gnu++0x";
				CLANG_CXX_LIBRARY = "libc++";
				CLANG_ENABLE_MODULES = YES;
				CLANG_ENABLE_OBJC_ARC = YES;
				CLANG_WARN_BOOL_CONVERSION = YES;
				CLANG_WARN_CONSTANT_CONVERSION = YES;
				CLANG_WARN_DIRECT_OBJC_ISA_USAGE = YES_ERROR;
				CLANG_WARN_EMPTY_BODY = YES;
				CLANG_WARN_ENUM_CONVERSION = YES;
				CLANG_WARN_INT_CONVERSION = YES;
				CLANG_WARN_OBJC_ROOT_CLASS = YES_ERROR;
				CLANG_WARN_UNREACHABLE_CODE = YES;
				CLANG_WARN__DUPLICATE_METHOD_MATCH = YES;
				CODE_SIGN_IDENTITY = "-";
				COPY_PHASE_STRIP = NO;
				DEBUG_INFORMATION_FORMAT = dwarf;
				ENABLE_STRICT_OBJC_MSGSEND = YES;
				ENABLE_TESTABILITY = YES;
				GCC_C_LANGUAGE_STANDARD = gnu99;
				GCC_DYNAMIC_NO_PIC = NO;
				GCC_NO_COMMON_BLOCKS = YES;
				GCC_OPTIMIZATION_LEVEL = 0;
				GCC_PREPROCESSOR_DEFINITIONS = (
					"DEBUG=1",
					"$(inherited)",
				);
				GCC_WARN_64_TO_32_BIT_CONVERSION = YES;
				GCC_WARN_ABOUT_RETURN_TYPE = YES_ERROR;
				GCC_WARN_UNDECLARED_SELECTOR = YES;
				GCC_WARN_UNINITIALIZED_AUTOS = YES_AGGRESSIVE;
				GCC_WARN_UNUSED_FUNCTION = YES;
				GCC_WARN_UNUSED_VARIABLE = YES;
				MACOSX_DEPLOYMENT_TARGET = 10.11;
				MTL_ENABLE_DEBUG_INFO = YES;
				ONLY_ACTIVE_ARCH = YES;
				SDKROOT = macosx;
			};
			name = Debug;
		};
		61EC2EEA1C95D3A9003FE396 /* Release */ = {
			isa = XCBuildConfiguration;
			buildSettings = {
				ALWAYS_SEARCH_USER_PATHS = NO;
				CLANG_CXX_LANGUAGE_STANDARD = "gnu++0x";
				CLANG_CXX_LIBRARY = "libc++";
				CLANG_ENABLE_MODULES = YES;
				CLANG_ENABLE_OBJC_ARC = YES;
				CLANG_WARN_BOOL_CONVERSION = YES;
				CLANG_WARN_CONSTANT_CONVERSION = YES;
				CLANG_WARN_DIRECT_OBJC_ISA_USAGE = YES_ERROR;
				CLANG_WARN_EMPTY_BODY = YES;
				CLANG_WARN_ENUM_CONVERSION = YES;
				CLANG_WARN_INT_CONVERSION = YES;
				CLANG_WARN_OBJC_ROOT_CLASS = YES_ERROR;
				CLANG_WARN_UNREACHABLE_CODE = YES;
				CLANG_WARN__DUPLICATE_METHOD_MATCH = YES;
				CODE_SIGN_IDENTITY = "-";
				COPY_PHASE_STRIP = NO;
				DEBUG_INFORMATION_FORMAT = "dwarf-with-dsym";
				ENABLE_NS_ASSERTIONS = NO;
				ENABLE_STRICT_OBJC_MSGSEND = YES;
				GCC_C_LANGUAGE_STANDARD = gnu99;
				GCC_NO_COMMON_BLOCKS = YES;
				GCC_WARN_64_TO_32_BIT_CONVERSION = YES;
				GCC_WARN_ABOUT_RETURN_TYPE = YES_ERROR;
				GCC_WARN_UNDECLARED_SELECTOR = YES;
				GCC_WARN_UNINITIALIZED_AUTOS = YES_AGGRESSIVE;
				GCC_WARN_UNUSED_FUNCTION = YES;
				GCC_WARN_UNUSED_VARIABLE = YES;
				MACOSX_DEPLOYMENT_TARGET = 10.11;
				MTL_ENABLE_DEBUG_INFO = NO;
				SDKROOT = macosx;
			};
			name = Release;
		};
		61EC2EEC1C95D3A9003FE396 /* Debug */ = {
			isa = XCBuildConfiguration;
			buildSettings = {
				PRODUCT_NAME = "$(TARGET_NAME)";
			};
			name = Debug;
		};
		61EC2EED1C95D3A9003FE396 /* Release */ = {
			isa = XCBuildConfiguration;
			buildSettings = {
				PRODUCT_NAME = "$(TARGET_NAME)";
			};
			name = Release;
		};
/* End XCBuildConfiguration section */

/* Begin XCConfigurationList section */
		61EC2EDF1C95D3A9003FE396 /* Build configuration list for PBXProject "address_book" */ = {
			isa = XCConfigurationList;
			buildConfigurations = (
				61EC2EE91C95D3A9003FE396 /* Debug */,
				61EC2EEA1C95D3A9003FE396 /* Release */,
			);
			defaultConfigurationIsVisible = 0;
			defaultConfigurationName = Release;
		};
		61EC2EEB1C95D3A9003FE396 /* Build configuration list for PBXNativeTarget "address_book" */ = {
			isa = XCConfigurationList;
			buildConfigurations = (
				61EC2EEC1C95D3A9003FE396 /* Debug */,
				61EC2EED1C95D3A9003FE396 /* Release */,
			);
			defaultConfigurationIsVisible = 0;
		};
/* End XCConfigurationList section */
	};
	rootObject = 61EC2EDC1C95D3A9003FE396 /* Project object */;
}
